Microsoft Visual Studio Solution File, Format Version 12.00
# Visual Studio Version 17
VisualStudioVersion = 17.5.2.0
MinimumVisualStudioVersion = 10.0.40219.1
Project("{FAE04EC0-301F-11D3-BF4B-00C04F79EFBC}") = "MauiAppAndroid", "MauiAppAndroid.csproj", "{954462DD-1DC6-573C-475C-AA485697EE41}"
EndProject
Global
	GlobalSection(SolutionConfigurationPlatforms) = preSolution
		Debug|Any CPU = Debug|Any CPU
		Release|Any CPU = Release|Any CPU
	EndGlobalSection
	GlobalSection(ProjectConfigurationPlatforms) = postSolution
		{954462DD-1DC6-573C-475C-AA485697EE41}.Debug|Any CPU.ActiveCfg = Debug|Any CPU
		{954462DD-1DC6-573C-475C-AA485697EE41}.Debug|Any CPU.Build.0 = Debug|Any CPU
		{954462DD-1DC6-573C-475C-AA485697EE41}.Release|Any CPU.ActiveCfg = Release|Any CPU
		{954462DD-1DC6-573C-475C-AA485697EE41}.Release|Any CPU.Build.0 = Release|Any CPU
	EndGlobalSection
	GlobalSection(SolutionProperties) = preSolution
		HideSolutionNode = FALSE
	EndGlobalSection
	GlobalSection(ExtensibilityGlobals) = postSolution
		SolutionGuid = {4710A2BA-EB5F-4D0A-AE56-A8A17045C0B8}
	EndGlobalSection
EndGlobal
